
Microsoft Visual Studio Solution File, Format Version 12.00
# Visual Studio Version 17
VisualStudioVersion = 17.1.32328.378
MinimumVisualStudioVersion = 10.0.40219.1
Project("{FAE04EC0-301F-11D3-BF4B-00C04F79EFBC}") = "thuchanh3", "thuchanh3.csproj", "{0CEE05D6-95D0-4169-81FC-3E95351C93F8}"
EndProject
Global
	GlobalSection(SolutionConfigurationPlatforms) = preSolution
		Debug|Any CPU = Debug|Any CPU
		Release|Any CPU = Release|Any CPU
	EndGlobalSection
	GlobalSection(ProjectConfigurationPlatforms) = postSolution
		{0CEE05D6-95D0-4169-81FC-3E95351C93F8}.Debug|Any CPU.ActiveCfg = Debug|Any CPU
		{0CEE05D6-95D0-4169-81FC-3E95351C93F8}.Debug|Any CPU.Build.0 = Debug|Any CPU
		{0CEE05D6-95D0-4169-81FC-3E95351C93F8}.Release|Any CPU.ActiveCfg = Release|Any CPU
		{0CEE05D6-95D0-4169-81FC-3E95351C93F8}.Release|Any CPU.Build.0 = Release|Any CPU
	EndGlobalSection
	GlobalSection(SolutionProperties) = preSolution
		HideSolutionNode = FALSE
	EndGlobalSection
	GlobalSection(ExtensibilityGlobals) = postSolution
		SolutionGuid = {B5FF55B9-E55D-4209-AF5A-A7740EE1D5BC}
	EndGlobalSection
EndGlobal
